# This file is autogenerated, do not edit; changes may be undone by the next 'dep ensure'.


[[projects]]
  name = "github.com/stretchr/testify"
  packages = ["assert"]
  revision = "2eaa4b48b8954bf871229043b8064ca156a542a5"

[solve-meta]
  analyzer-name = "dep"
  analyzer-version = 1
  inputs-digest = "c940d1337f45f8152f2f5a9070e0260267261b8089ca6aeab1020e71dfb4253d"
  solver-name = "gps-cdcl"
  solver-version = 1
