# This file is autogenerated, do not edit; changes may be undone by the next 'dep ensure'.


[[projects]]
  name = "github.com/Clever/csvlint"
  packages = ["."]
  revision = "a4551ddf652b6596564455d618781ec01adf1f6f"
  version = "0.2.0"

[[projects]]
  name = "github.com/stretchr/testify"
  packages = ["assert"]
  revision = "2eaa4b48b8954bf871229043b8064ca156a542a5"

[solve-meta]
  analyzer-name = "dep"
  analyzer-version = 1
  inputs-digest = "58cf9a1b5931cba3695fff9b5490edaea34b67b3a9552aaf30fd6db39aef4abc"
  solver-name = "gps-cdcl"
  solver-version = 1
